
Microsoft Visual Studio Solution File, Format Version 12.00
# Visual Studio Version 16
VisualStudioVersion = 16.0.29926.136
MinimumVisualStudioVersion = 10.0.40219.1
Project("{9A19103F-16F7-4668-BE54-9A1E7A4F7556}") = "Charming", "Charming\Charming.csproj", "{C0B68432-50BC-41E1-9247-15671A56BE77}"
EndProject
Project("{FAE04EC0-301F-11D3-BF4B-00C04F79EFBC}") = "Charming.Types", "Charming.Types\Charming.Types.csproj", "{FD18F661-A84E-4B02-B140-DAA9B8C9EF9D}"
EndProject
Global
	GlobalSection(SolutionConfigurationPlatforms) = preSolution
		Debug|Any CPU = Debug|Any CPU
		Release|Any CPU = Release|Any CPU
	EndGlobalSection
	GlobalSection(ProjectConfigurationPlatforms) = postSolution
		{C0B68432-50BC-41E1-9247-15671A56BE77}.Debug|Any CPU.ActiveCfg = Debug|Any CPU
		{C0B68432-50BC-41E1-9247-15671A56BE77}.Debug|Any CPU.Build.0 = Debug|Any CPU
		{C0B68432-50BC-41E1-9247-15671A56BE77}.Release|Any CPU.ActiveCfg = Release|Any CPU
		{C0B68432-50BC-41E1-9247-15671A56BE77}.Release|Any CPU.Build.0 = Release|Any CPU
		{FD18F661-A84E-4B02-B140-DAA9B8C9EF9D}.Debug|Any CPU.ActiveCfg = Debug|Any CPU
		{FD18F661-A84E-4B02-B140-DAA9B8C9EF9D}.Debug|Any CPU.Build.0 = Debug|Any CPU
		{FD18F661-A84E-4B02-B140-DAA9B8C9EF9D}.Release|Any CPU.ActiveCfg = Release|Any CPU
		{FD18F661-A84E-4B02-B140-DAA9B8C9EF9D}.Release|Any CPU.Build.0 = Release|Any CPU
	EndGlobalSection
	GlobalSection(SolutionProperties) = preSolution
		HideSolutionNode = FALSE
	EndGlobalSection
	GlobalSection(ExtensibilityGlobals) = postSolution
		SolutionGuid = {F9900215-A34A-47EA-ABD9-070DCF20124E}
	EndGlobalSection
EndGlobal
